
Microsoft Visual Studio Solution File, Format Version 12.00
# Visual Studio Version 17
VisualStudioVersion = 17.14.36811.4 d17.14
MinimumVisualStudioVersion = 10.0.40219.1
Project("{FAE04EC0-301F-11D3-BF4B-00C04F79EFBC}") = "EnshroudedPlanner", "EnshroudedPlanner.csproj", "{7A98F788-7089-4616-BA95-138AC65A4E4E}"
EndProject
Global
	GlobalSection(SolutionConfigurationPlatforms) = preSolution
		Debug|Any CPU = Debug|Any CPU
		Release|Any CPU = Release|Any CPU
	EndGlobalSection
	GlobalSection(ProjectConfigurationPlatforms) = postSolution
		{7A98F788-7089-4616-BA95-138AC65A4E4E}.Debug|Any CPU.ActiveCfg = Debug|Any CPU
		{7A98F788-7089-4616-BA95-138AC65A4E4E}.Debug|Any CPU.Build.0 = Debug|Any CPU
		{7A98F788-7089-4616-BA95-138AC65A4E4E}.Release|Any CPU.ActiveCfg = Release|Any CPU
		{7A98F788-7089-4616-BA95-138AC65A4E4E}.Release|Any CPU.Build.0 = Release|Any CPU
	EndGlobalSection
	GlobalSection(SolutionProperties) = preSolution
		HideSolutionNode = FALSE
	EndGlobalSection
	GlobalSection(ExtensibilityGlobals) = postSolution
		SolutionGuid = {FE028A9B-DAC6-4A0E-9161-A47E35A68721}
	EndGlobalSection
EndGlobal
